// !$*UTF8*$!
{
	archiveVersion = 1;
	classes = {
	};
	objectVersion = 55;
	objects = {

/* Begin PBXBuildFile section */
		52FAD68427A3EECC002CF1B8 /* CalendarCell.swift in Sources */ = {isa = PBXBuildFile; fileRef = 52FAD68327A3EECC002CF1B8 /* CalendarCell.swift */; };
		52FAD68627A3FC53002CF1B8 /* CalendarHelper.swift in Sources */ = {isa = PBXBuildFile; fileRef = 52FAD68527A3FC53002CF1B8 /* CalendarHelper.swift */; };
		52FAD68827A438AD002CF1B8 /* WeeklyViewController.swift in Sources */ = {isa = PBXBuildFile; fileRef = 52FAD68727A438AD002CF1B8 /* WeeklyViewController.swift */; };
		52FAD68A27A49612002CF1B8 /* EventEditViewController.swift in Sources */ = {isa = PBXBuildFile; fileRef = 52FAD68927A49612002CF1B8 /* EventEditViewController.swift */; };
		52FAD68C27A4962C002CF1B8 /* EventCell.swift in Sources */ = {isa = PBXBuildFile; fileRef = 52FAD68B27A4962C002CF1B8 /* EventCell.swift */; };
		52FAD68E27A49A34002CF1B8 /* Event.swift in Sources */ = {isa = PBXBuildFile; fileRef = 52FAD68D27A49A34002CF1B8 /* Event.swift */; };
		A63ABA1927A64499008A4920 /* SignUpViewController.swift in Sources */ = {isa = PBXBuildFile; fileRef = A63ABA1827A64499008A4920 /* SignUpViewController.swift */; };
		A63ABA1B27A644A7008A4920 /* LoginViewController.swift in Sources */ = {isa = PBXBuildFile; fileRef = A63ABA1A27A644A7008A4920 /* LoginViewController.swift */; };
		A63ABA1E27A645B1008A4920 /* SignInSignUp.storyboard in Resources */ = {isa = PBXBuildFile; fileRef = A63ABA1D27A645B1008A4920 /* SignInSignUp.storyboard */; };
		A63ABA2027A64B8B008A4920 /* RegisterLoginViewController.swift in Sources */ = {isa = PBXBuildFile; fileRef = A63ABA1F27A64B8B008A4920 /* RegisterLoginViewController.swift */; };
		A660E23527AA80EE007834B9 /* CalendarDay.swift in Sources */ = {isa = PBXBuildFile; fileRef = A660E23427AA80EE007834B9 /* CalendarDay.swift */; };
		A689AF59279C0D99005D41BF /* UIViewController+Extension.swift in Sources */ = {isa = PBXBuildFile; fileRef = A689AF58279C0D99005D41BF /* UIViewController+Extension.swift */; };
		A689AF5B279C0F49005D41BF /* UserDefaults+Extension.swift in Sources */ = {isa = PBXBuildFile; fileRef = A689AF5A279C0F49005D41BF /* UserDefaults+Extension.swift */; };
		A689AF5E279C10D3005D41BF /* HomeViewController.swift in Sources */ = {isa = PBXBuildFile; fileRef = A689AF5D279C10D3005D41BF /* HomeViewController.swift */; };
		A69713CB2797F4440047D10F /* OnboardingViewController.swift in Sources */ = {isa = PBXBuildFile; fileRef = A69713CA2797F4440047D10F /* OnboardingViewController.swift */; };
		A69713CE2797FF560047D10F /* UIView+Extension.swift in Sources */ = {isa = PBXBuildFile; fileRef = A69713CD2797FF560047D10F /* UIView+Extension.swift */; };
		A69713D0279801BA0047D10F /* OnboardingSlide.swift in Sources */ = {isa = PBXBuildFile; fileRef = A69713CF279801BA0047D10F /* OnboardingSlide.swift */; };
		A69713D4279805A30047D10F /* OnboardingCollectionViewCell.swift in Sources */ = {isa = PBXBuildFile; fileRef = A69713D3279805A30047D10F /* OnboardingCollectionViewCell.swift */; };
		A6A7247227A650EA00145617 /* Utilities.swift in Sources */ = {isa = PBXBuildFile; fileRef = A6A7247127A650EA00145617 /* Utilities.swift */; };
		A6A7247427A6872C00145617 /* GoogleService-Info.plist in Resources */ = {isa = PBXBuildFile; fileRef = A6A7247327A6872C00145617 /* GoogleService-Info.plist */; };
		A6A7247727A6880300145617 /* FirebaseAnalytics in Frameworks */ = {isa = PBXBuildFile; productRef = A6A7247627A6880300145617 /* FirebaseAnalytics */; };
		A6A7247927A6880300145617 /* FirebaseAuth in Frameworks */ = {isa = PBXBuildFile; productRef = A6A7247827A6880300145617 /* FirebaseAuth */; };
		A6A7247B27A6880300145617 /* FirebaseDatabase in Frameworks */ = {isa = PBXBuildFile; productRef = A6A7247A27A6880300145617 /* FirebaseDatabase */; };
		A6A7247D27A6880300145617 /* FirebaseFirestore in Frameworks */ = {isa = PBXBuildFile; productRef = A6A7247C27A6880300145617 /* FirebaseFirestore */; };
		A6A7247F27A6880300145617 /* FirebaseStorage in Frameworks */ = {isa = PBXBuildFile; productRef = A6A7247E27A6880300145617 /* FirebaseStorage */; };
		A6A7248127A6C10D00145617 /* ProfileViewController.swift in Sources */ = {isa = PBXBuildFile; fileRef = A6A7248027A6C10D00145617 /* ProfileViewController.swift */; };
		A6A7248327A6C91800145617 /* RegisterInfoViewController.swift in Sources */ = {isa = PBXBuildFile; fileRef = A6A7248227A6C91800145617 /* RegisterInfoViewController.swift */; };
		A6DF400D278D6EAB0076A0FC /* AppDelegate.swift in Sources */ = {isa = PBXBuildFile; fileRef = A6DF400C278D6EAB0076A0FC /* AppDelegate.swift */; };
		A6DF400F278D6EAB0076A0FC /* SceneDelegate.swift in Sources */ = {isa = PBXBuildFile; fileRef = A6DF400E278D6EAB0076A0FC /* SceneDelegate.swift */; };
		A6DF4011278D6EAB0076A0FC /* ViewController.swift in Sources */ = {isa = PBXBuildFile; fileRef = A6DF4010278D6EAB0076A0FC /* ViewController.swift */; };
		A6DF4014278D6EAB0076A0FC /* Main.storyboard in Resources */ = {isa = PBXBuildFile; fileRef = A6DF4012278D6EAB0076A0FC /* Main.storyboard */; };
		A6DF4017278D6EAB0076A0FC /* SelFit.xcdatamodeld in Sources */ = {isa = PBXBuildFile; fileRef = A6DF4015278D6EAB0076A0FC /* SelFit.xcdatamodeld */; };
		A6DF4019278D6EAB0076A0FC /* Assets.xcassets in Resources */ = {isa = PBXBuildFile; fileRef = A6DF4018278D6EAB0076A0FC /* Assets.xcassets */; };
		A6DF401C278D6EAB0076A0FC /* LaunchScreen.storyboard in Resources */ = {isa = PBXBuildFile; fileRef = A6DF401A278D6EAB0076A0FC /* LaunchScreen.storyboard */; };
/* End PBXBuildFile section */

/* Begin PBXFileReference section */
		52FAD68327A3EECC002CF1B8 /* CalendarCell.swift */ = {isa = PBXFileReference; lastKnownFileType = sourcecode.swift; path = CalendarCell.swift; sourceTree = "<group>"; };
		52FAD68527A3FC53002CF1B8 /* CalendarHelper.swift */ = {isa = PBXFileReference; lastKnownFileType = sourcecode.swift; path = CalendarHelper.swift; sourceTree = "<group>"; };
		52FAD68727A438AD002CF1B8 /* WeeklyViewController.swift */ = {isa = PBXFileReference; lastKnownFileType = sourcecode.swift; path = WeeklyViewController.swift; sourceTree = "<group>"; };
		52FAD68927A49612002CF1B8 /* EventEditViewController.swift */ = {isa = PBXFileReference; lastKnownFileType = sourcecode.swift; path = EventEditViewController.swift; sourceTree = "<group>"; };
		52FAD68B27A4962C002CF1B8 /* EventCell.swift */ = {isa = PBXFileReference; lastKnownFileType = sourcecode.swift; path = EventCell.swift; sourceTree = "<group>"; };
		52FAD68D27A49A34002CF1B8 /* Event.swift */ = {isa = PBXFileReference; lastKnownFileType = sourcecode.swift; path = Event.swift; sourceTree = "<group>"; };
		A63ABA1827A64499008A4920 /* SignUpViewController.swift */ = {isa = PBXFileReference; lastKnownFileType = sourcecode.swift; path = SignUpViewController.swift; sourceTree = "<group>"; };
		A63ABA1A27A644A7008A4920 /* LoginViewController.swift */ = {isa = PBXFileReference; lastKnownFileType = sourcecode.swift; path = LoginViewController.swift; sourceTree = "<group>"; };
		A63ABA1D27A645B1008A4920 /* SignInSignUp.storyboard */ = {isa = PBXFileReference; lastKnownFileType = file.storyboard; path = SignInSignUp.storyboard; sourceTree = "<group>"; };
		A63ABA1F27A64B8B008A4920 /* RegisterLoginViewController.swift */ = {isa = PBXFileReference; lastKnownFileType = sourcecode.swift; path = RegisterLoginViewController.swift; sourceTree = "<group>"; };
		A660E23427AA80EE007834B9 /* CalendarDay.swift */ = {isa = PBXFileReference; lastKnownFileType = sourcecode.swift; path = CalendarDay.swift; sourceTree = "<group>"; };
		A689AF58279C0D99005D41BF /* UIViewController+Extension.swift */ = {isa = PBXFileReference; lastKnownFileType = sourcecode.swift; path = "UIViewController+Extension.swift"; sourceTree = "<group>"; };
		A689AF5A279C0F49005D41BF /* UserDefaults+Extension.swift */ = {isa = PBXFileReference; lastKnownFileType = sourcecode.swift; path = "UserDefaults+Extension.swift"; sourceTree = "<group>"; };
		A689AF5D279C10D3005D41BF /* HomeViewController.swift */ = {isa = PBXFileReference; lastKnownFileType = sourcecode.swift; path = HomeViewController.swift; sourceTree = "<group>"; };
		A69713CA2797F4440047D10F /* OnboardingViewController.swift */ = {isa = PBXFileReference; lastKnownFileType = sourcecode.swift; path = OnboardingViewController.swift; sourceTree = "<group>"; };
		A69713CD2797FF560047D10F /* UIView+Extension.swift */ = {isa = PBXFileReference; lastKnownFileType = sourcecode.swift; path = "UIView+Extension.swift"; sourceTree = "<group>"; };
		A69713CF279801BA0047D10F /* OnboardingSlide.swift */ = {isa = PBXFileReference; lastKnownFileType = sourcecode.swift; path = OnboardingSlide.swift; sourceTree = "<group>"; };
		A69713D3279805A30047D10F /* OnboardingCollectionViewCell.swift */ = {isa = PBXFileReference; lastKnownFileType = sourcecode.swift; path = OnboardingCollectionViewCell.swift; sourceTree = "<group>"; };
		A6A7247127A650EA00145617 /* Utilities.swift */ = {isa = PBXFileReference; fileEncoding = 4; lastKnownFileType = sourcecode.swift; path = Utilities.swift; sourceTree = "<group>"; };
		A6A7247327A6872C00145617 /* GoogleService-Info.plist */ = {isa = PBXFileReference; fileEncoding = 4; lastKnownFileType = text.plist.xml; path = "GoogleService-Info.plist"; sourceTree = "<group>"; };
		A6A7248027A6C10D00145617 /* ProfileViewController.swift */ = {isa = PBXFileReference; lastKnownFileType = sourcecode.swift; path = ProfileViewController.swift; sourceTree = "<group>"; };
		A6A7248227A6C91800145617 /* RegisterInfoViewController.swift */ = {isa = PBXFileReference; lastKnownFileType = sourcecode.swift; path = RegisterInfoViewController.swift; sourceTree = "<group>"; };
		A6DF4009278D6EAB0076A0FC /* SelFit.app */ = {isa = PBXFileReference; explicitFileType = wrapper.application; includeInIndex = 0; path = SelFit.app; sourceTree = BUILT_PRODUCTS_DIR; };
		A6DF400C278D6EAB0076A0FC /* AppDelegate.swift */ = {isa = PBXFileReference; lastKnownFileType = sourcecode.swift; path = AppDelegate.swift; sourceTree = "<group>"; };
		A6DF400E278D6EAB0076A0FC /* SceneDelegate.swift */ = {isa = PBXFileReference; lastKnownFileType = sourcecode.swift; path = SceneDelegate.swift; sourceTree = "<group>"; };
		A6DF4010278D6EAB0076A0FC /* ViewController.swift */ = {isa = PBXFileReference; lastKnownFileType = sourcecode.swift; path = ViewController.swift; sourceTree = "<group>"; };
		A6DF4013278D6EAB0076A0FC /* Base */ = {isa = PBXFileReference; lastKnownFileType = file.storyboard; name = Base; path = Base.lproj/Main.storyboard; sourceTree = "<group>"; };
		A6DF4016278D6EAB0076A0FC /* SelFit.xcdatamodel */ = {isa = PBXFileReference; lastKnownFileType = wrapper.xcdatamodel; path = SelFit.xcdatamodel; sourceTree = "<group>"; };
		A6DF4018278D6EAB0076A0FC /* Assets.xcassets */ = {isa = PBXFileReference; lastKnownFileType = folder.assetcatalog; path = Assets.xcassets; sourceTree = "<group>"; };
		A6DF401B278D6EAB0076A0FC /* Base */ = {isa = PBXFileReference; lastKnownFileType = file.storyboard; name = Base; path = Base.lproj/LaunchScreen.storyboard; sourceTree = "<group>"; };
		A6DF401D278D6EAB0076A0FC /* Info.plist */ = {isa = PBXFileReference; lastKnownFileType = text.plist.xml; path = Info.plist; sourceTree = "<group>"; };
/* End PBXFileReference section */

/* Begin PBXFrameworksBuildPhase section */
		A6DF4006278D6EAB0076A0FC /* Frameworks */ = {
			isa = PBXFrameworksBuildPhase;
			buildActionMask = 2147483647;
			files = (
				A6A7247B27A6880300145617 /* FirebaseDatabase in Frameworks */,
				A6A7247D27A6880300145617 /* FirebaseFirestore in Frameworks */,
				A6A7247727A6880300145617 /* FirebaseAnalytics in Frameworks */,
				A6A7247F27A6880300145617 /* FirebaseStorage in Frameworks */,
				A6A7247927A6880300145617 /* FirebaseAuth in Frameworks */,
			);
			runOnlyForDeploymentPostprocessing = 0;
		};
/* End PBXFrameworksBuildPhase section */

/* Begin PBXGroup section */
		A689AF5C279C109F005D41BF /* Home */ = {
			isa = PBXGroup;
			children = (
				A689AF5D279C10D3005D41BF /* HomeViewController.swift */,
			);
			path = Home;
			sourceTree = "<group>";
		};
		A69713C62797F3E20047D10F /* Views */ = {
			isa = PBXGroup;
			children = (
				A689AF5C279C109F005D41BF /* Home */,
				A69713C92797F40C0047D10F /* Onboarding */,
			);
			path = Views;
			sourceTree = "<group>";
		};
		A69713C82797F4010047D10F /* Models */ = {
			isa = PBXGroup;
			children = (
				A69713CF279801BA0047D10F /* OnboardingSlide.swift */,
			);
			path = Models;
			sourceTree = "<group>";
		};
		A69713C92797F40C0047D10F /* Onboarding */ = {
			isa = PBXGroup;
			children = (
				A69713CA2797F4440047D10F /* OnboardingViewController.swift */,
				A69713D3279805A30047D10F /* OnboardingCollectionViewCell.swift */,
			);
			path = Onboarding;
			sourceTree = "<group>";
		};
		A69713CC2797FEDB0047D10F /* Extensions */ = {
			isa = PBXGroup;
			children = (
				A69713CD2797FF560047D10F /* UIView+Extension.swift */,
				A689AF58279C0D99005D41BF /* UIViewController+Extension.swift */,
				A689AF5A279C0F49005D41BF /* UserDefaults+Extension.swift */,
			);
			path = Extensions;
			sourceTree = "<group>";
		};
		A6DF4000278D6EAB0076A0FC = {
			isa = PBXGroup;
			children = (
				A6DF400B278D6EAB0076A0FC /* SelFit */,
				A6DF400A278D6EAB0076A0FC /* Products */,
			);
			sourceTree = "<group>";
		};
		A6DF400A278D6EAB0076A0FC /* Products */ = {
			isa = PBXGroup;
			children = (
				A6DF4009278D6EAB0076A0FC /* SelFit.app */,
			);
			name = Products;
			sourceTree = "<group>";
		};
		A6DF400B278D6EAB0076A0FC /* SelFit */ = {
			isa = PBXGroup;
			children = (
				A69713CC2797FEDB0047D10F /* Extensions */,
				A69713C82797F4010047D10F /* Models */,
				A69713C62797F3E20047D10F /* Views */,
				A6DF400C278D6EAB0076A0FC /* AppDelegate.swift */,
				A6DF400E278D6EAB0076A0FC /* SceneDelegate.swift */,
				A6DF4010278D6EAB0076A0FC /* ViewController.swift */,
				A660E23427AA80EE007834B9 /* CalendarDay.swift */,
				A6DF4012278D6EAB0076A0FC /* Main.storyboard */,
				A6A7248027A6C10D00145617 /* ProfileViewController.swift */,
				52FAD68D27A49A34002CF1B8 /* Event.swift */,
				52FAD68927A49612002CF1B8 /* EventEditViewController.swift */,
				52FAD68B27A4962C002CF1B8 /* EventCell.swift */,
				52FAD68727A438AD002CF1B8 /* WeeklyViewController.swift */,
				52FAD68527A3FC53002CF1B8 /* CalendarHelper.swift */,
				52FAD68327A3EECC002CF1B8 /* CalendarCell.swift */,
				A6DF4018278D6EAB0076A0FC /* Assets.xcassets */,
				A6DF401A278D6EAB0076A0FC /* LaunchScreen.storyboard */,
				A6DF401D278D6EAB0076A0FC /* Info.plist */,
				A6DF4015278D6EAB0076A0FC /* SelFit.xcdatamodeld */,
				A63ABA1D27A645B1008A4920 /* SignInSignUp.storyboard */,
				A6A7248227A6C91800145617 /* RegisterInfoViewController.swift */,
				A63ABA1F27A64B8B008A4920 /* RegisterLoginViewController.swift */,
				A63ABA1827A64499008A4920 /* SignUpViewController.swift */,
				A63ABA1A27A644A7008A4920 /* LoginViewController.swift */,
				A6A7247127A650EA00145617 /* Utilities.swift */,
				A6A7247327A6872C00145617 /* GoogleService-Info.plist */,
			);
			path = SelFit;
			sourceTree = "<group>";
		};
/* End PBXGroup section */

/* Begin PBXNativeTarget section */
		A6DF4008278D6EAB0076A0FC /* SelFit */ = {
			isa = PBXNativeTarget;
			buildConfigurationList = A6DF4020278D6EAB0076A0FC /* Build configuration list for PBXNativeTarget "SelFit" */;
			buildPhases = (
				A6DF4005278D6EAB0076A0FC /* Sources */,
				A6DF4006278D6EAB0076A0FC /* Frameworks */,
				A6DF4007278D6EAB0076A0FC /* Resources */,
			);
			buildRules = (
			);
			dependencies = (
			);
			name = SelFit;
			packageProductDependencies = (
				A6A7247627A6880300145617 /* FirebaseAnalytics */,
				A6A7247827A6880300145617 /* FirebaseAuth */,
				A6A7247A27A6880300145617 /* FirebaseDatabase */,
				A6A7247C27A6880300145617 /* FirebaseFirestore */,
				A6A7247E27A6880300145617 /* FirebaseStorage */,
			);
			productName = SelFit;
			productReference = A6DF4009278D6EAB0076A0FC /* SelFit.app */;
			productType = "com.apple.product-type.application";
		};
/* End PBXNativeTarget section */

/* Begin PBXProject section */
		A6DF4001278D6EAB0076A0FC /* Project object */ = {
			isa = PBXProject;
			attributes = {
				BuildIndependentTargetsInParallel = 1;
				LastSwiftUpdateCheck = 1320;
				LastUpgradeCheck = 1320;
				TargetAttributes = {
					A6DF4008278D6EAB0076A0FC = {
						CreatedOnToolsVersion = 13.2.1;
					};
				};
			};
			buildConfigurationList = A6DF4004278D6EAB0076A0FC /* Build configuration list for PBXProject "SelFit" */;
			compatibilityVersion = "Xcode 13.0";
			developmentRegion = en;
			hasScannedForEncodings = 0;
			knownRegions = (
				en,
				Base,
			);
			mainGroup = A6DF4000278D6EAB0076A0FC;
			packageReferences = (
				A6A7247527A6880300145617 /* XCRemoteSwiftPackageReference "firebase-ios-sdk" */,
			);
			productRefGroup = A6DF400A278D6EAB0076A0FC /* Products */;
			projectDirPath = "";
			projectRoot = "";
			targets = (
				A6DF4008278D6EAB0076A0FC /* SelFit */,
			);
		};
/* End PBXProject section */

/* Begin PBXResourcesBuildPhase section */
		A6DF4007278D6EAB0076A0FC /* Resources */ = {
			isa = PBXResourcesBuildPhase;
			buildActionMask = 2147483647;
			files = (
				A63ABA1E27A645B1008A4920 /* SignInSignUp.storyboard in Resources */,
				A6DF401C278D6EAB0076A0FC /* LaunchScreen.storyboard in Resources */,
				A6A7247427A6872C00145617 /* GoogleService-Info.plist in Resources */,
				A6DF4019278D6EAB0076A0FC /* Assets.xcassets in Resources */,
				A6DF4014278D6EAB0076A0FC /* Main.storyboard in Resources */,
			);
			runOnlyForDeploymentPostprocessing = 0;
		};
/* End PBXResourcesBuildPhase section */

/* Begin PBXSourcesBuildPhase section */
		A6DF4005278D6EAB0076A0FC /* Sources */ = {
			isa = PBXSourcesBuildPhase;
			buildActionMask = 2147483647;
			files = (
				A69713D0279801BA0047D10F /* OnboardingSlide.swift in Sources */,
				52FAD68A27A49612002CF1B8 /* EventEditViewController.swift in Sources */,
				A69713CE2797FF560047D10F /* UIView+Extension.swift in Sources */,
				A63ABA2027A64B8B008A4920 /* RegisterLoginViewController.swift in Sources */,
				A6DF4011278D6EAB0076A0FC /* ViewController.swift in Sources */,
				A63ABA1B27A644A7008A4920 /* LoginViewController.swift in Sources */,
				A6A7248127A6C10D00145617 /* ProfileViewController.swift in Sources */,
				A69713D4279805A30047D10F /* OnboardingCollectionViewCell.swift in Sources */,
				A6DF400D278D6EAB0076A0FC /* AppDelegate.swift in Sources */,
				A63ABA1927A64499008A4920 /* SignUpViewController.swift in Sources */,
				A6A7247227A650EA00145617 /* Utilities.swift in Sources */,
				A69713CB2797F4440047D10F /* OnboardingViewController.swift in Sources */,
				A6DF4017278D6EAB0076A0FC /* SelFit.xcdatamodeld in Sources */,
				A6A7248327A6C91800145617 /* RegisterInfoViewController.swift in Sources */,
				52FAD68E27A49A34002CF1B8 /* Event.swift in Sources */,
				52FAD68827A438AD002CF1B8 /* WeeklyViewController.swift in Sources */,
				52FAD68627A3FC53002CF1B8 /* CalendarHelper.swift in Sources */,
				52FAD68427A3EECC002CF1B8 /* CalendarCell.swift in Sources */,
				A660E23527AA80EE007834B9 /* CalendarDay.swift in Sources */,
				A689AF5E279C10D3005D41BF /* HomeViewController.swift in Sources */,
				52FAD68C27A4962C002CF1B8 /* EventCell.swift in Sources */,
				A689AF59279C0D99005D41BF /* UIViewController+Extension.swift in Sources */,
				A689AF5B279C0F49005D41BF /* UserDefaults+Extension.swift in Sources */,
				A6DF400F278D6EAB0076A0FC /* SceneDelegate.swift in Sources */,
			);
			runOnlyForDeploymentPostprocessing = 0;
		};
/* End PBXSourcesBuildPhase section */

/* Begin PBXVariantGroup section */
		A6DF4012278D6EAB0076A0FC /* Main.storyboard */ = {
			isa = PBXVariantGroup;
			children = (
				A6DF4013278D6EAB0076A0FC /* Base */,
			);
			name = Main.storyboard;
			sourceTree = "<group>";
		};
		A6DF401A278D6EAB0076A0FC /* LaunchScreen.storyboard */ = {
			isa = PBXVariantGroup;
			children = (
				A6DF401B278D6EAB0076A0FC /* Base */,
			);
			name = LaunchScreen.storyboard;
			sourceTree = "<group>";
		};
/* End PBXVariantGroup section */

/* Begin XCBuildConfiguration section */
		A6DF401E278D6EAB0076A0FC /* Debug */ = {
			isa = XCBuildConfiguration;
			buildSettings = {
				ALWAYS_SEARCH_USER_PATHS = NO;
				CLANG_ANALYZER_NONNULL = YES;
				CLANG_ANALYZER_NUMBER_OBJECT_CONVERSION = YES_AGGRESSIVE;
				CLANG_CXX_LANGUAGE_STANDARD = "gnu++17";
				CLANG_CXX_LIBRARY = "libc++";
				CLANG_ENABLE_MODULES = YES;
				CLANG_ENABLE_OBJC_ARC = YES;
				CLANG_ENABLE_OBJC_WEAK = YES;
				CLANG_WARN_BLOCK_CAPTURE_AUTORELEASING = YES;
				CLANG_WARN_BOOL_CONVERSION = YES;
				CLANG_WARN_COMMA = YES;
				CLANG_WARN_CONSTANT_CONVERSION = YES;
				CLANG_WARN_DEPRECATED_OBJC_IMPLEMENTATIONS = YES;
				CLANG_WARN_DIRECT_OBJC_ISA_USAGE = YES_ERROR;
				CLANG_WARN_DOCUMENTATION_COMMENTS = YES;
				CLANG_WARN_EMPTY_BODY = YES;
				CLANG_WARN_ENUM_CONVERSION = YES;
				CLANG_WARN_INFINITE_RECURSION = YES;
				CLANG_WARN_INT_CONVERSION = YES;
				CLANG_WARN_NON_LITERAL_NULL_CONVERSION = YES;
				CLANG_WARN_OBJC_IMPLICIT_RETAIN_SELF = YES;
				CLANG_WARN_OBJC_LITERAL_CONVERSION = YES;
				CLANG_WARN_OBJC_ROOT_CLASS = YES_ERROR;
				CLANG_WARN_QUOTED_INCLUDE_IN_FRAMEWORK_HEADER = YES;
				CLANG_WARN_RANGE_LOOP_ANALYSIS = YES;
				CLANG_WARN_STRICT_PROTOTYPES = YES;
				CLANG_WARN_SUSPICIOUS_MOVE = YES;
				CLANG_WARN_UNGUARDED_AVAILABILITY = YES_AGGRESSIVE;
				CLANG_WARN_UNREACHABLE_CODE = YES;
				CLANG_WARN__DUPLICATE_METHOD_MATCH = YES;
				COPY_PHASE_STRIP = NO;
				DEBUG_INFORMATION_FORMAT = dwarf;
				ENABLE_STRICT_OBJC_MSGSEND = YES;
				ENABLE_TESTABILITY = YES;
				GCC_C_LANGUAGE_STANDARD = gnu11;
				GCC_DYNAMIC_NO_PIC = NO;
				GCC_NO_COMMON_BLOCKS = YES;
				GCC_OPTIMIZATION_LEVEL = 0;
				GCC_PREPROCESSOR_DEFINITIONS = (
					"DEBUG=1",
					"$(inherited)",
				);
				GCC_WARN_64_TO_32_BIT_CONVERSION = YES;
				GCC_WARN_ABOUT_RETURN_TYPE = YES_ERROR;
				GCC_WARN_UNDECLARED_SELECTOR = YES;
				GCC_WARN_UNINITIALIZED_AUTOS = YES_AGGRESSIVE;
				GCC_WARN_UNUSED_FUNCTION = YES;
				GCC_WARN_UNUSED_VARIABLE = YES;
				IPHONEOS_DEPLOYMENT_TARGET = 15.2;
				MTL_ENABLE_DEBUG_INFO = INCLUDE_SOURCE;
				MTL_FAST_MATH = YES;
				ONLY_ACTIVE_ARCH = YES;
				SDKROOT = iphoneos;
				SWIFT_ACTIVE_COMPILATION_CONDITIONS = DEBUG;
				SWIFT_OPTIMIZATION_LEVEL = "-Onone";
			};
			name = Debug;
		};
		A6DF401F278D6EAB0076A0FC /* Release */ = {
			isa = XCBuildConfiguration;
			buildSettings = {
				ALWAYS_SEARCH_USER_PATHS = NO;
				CLANG_ANALYZER_NONNULL = YES;
				CLANG_ANALYZER_NUMBER_OBJECT_CONVERSION = YES_AGGRESSIVE;
				CLANG_CXX_LANGUAGE_STANDARD = "gnu++17";
				CLANG_CXX_LIBRARY = "libc++";
				CLANG_ENABLE_MODULES = YES;
				CLANG_ENABLE_OBJC_ARC = YES;
				CLANG_ENABLE_OBJC_WEAK = YES;
				CLANG_WARN_BLOCK_CAPTURE_AUTORELEASING = YES;
				CLANG_WARN_BOOL_CONVERSION = YES;
				CLANG_WARN_COMMA = YES;
				CLANG_WARN_CONSTANT_CONVERSION = YES;
				CLANG_WARN_DEPRECATED_OBJC_IMPLEMENTATIONS = YES;
				CLANG_WARN_DIRECT_OBJC_ISA_USAGE = YES_ERROR;
				CLANG_WARN_DOCUMENTATION_COMMENTS = YES;
				CLANG_WARN_EMPTY_BODY = YES;
				CLANG_WARN_ENUM_CONVERSION = YES;
				CLANG_WARN_INFINITE_RECURSION = YES;
				CLANG_WARN_INT_CONVERSION = YES;
				CLANG_WARN_NON_LITERAL_NULL_CONVERSION = YES;
				CLANG_WARN_OBJC_IMPLICIT_RETAIN_SELF = YES;
				CLANG_WARN_OBJC_LITERAL_CONVERSION = YES;
				CLANG_WARN_OBJC_ROOT_CLASS = YES_ERROR;
				CLANG_WARN_QUOTED_INCLUDE_IN_FRAMEWORK_HEADER = YES;
				CLANG_WARN_RANGE_LOOP_ANALYSIS = YES;
				CLANG_WARN_STRICT_PROTOTYPES = YES;
				CLANG_WARN_SUSPICIOUS_MOVE = YES;
				CLANG_WARN_UNGUARDED_AVAILABILITY = YES_AGGRESSIVE;
				CLANG_WARN_UNREACHABLE_CODE = YES;
				CLANG_WARN__DUPLICATE_METHOD_MATCH = YES;
				COPY_PHASE_STRIP = NO;
				DEBUG_INFORMATION_FORMAT = "dwarf-with-dsym";
				ENABLE_NS_ASSERTIONS = NO;
				ENABLE_STRICT_OBJC_MSGSEND = YES;
				GCC_C_LANGUAGE_STANDARD = gnu11;
				GCC_NO_COMMON_BLOCKS = YES;
				GCC_WARN_64_TO_32_BIT_CONVERSION = YES;
				GCC_WARN_ABOUT_RETURN_TYPE = YES_ERROR;
				GCC_WARN_UNDECLARED_SELECTOR = YES;
				GCC_WARN_UNINITIALIZED_AUTOS = YES_AGGRESSIVE;
				GCC_WARN_UNUSED_FUNCTION = YES;
				GCC_WARN_UNUSED_VARIABLE = YES;
				IPHONEOS_DEPLOYMENT_TARGET = 15.2;
				MTL_ENABLE_DEBUG_INFO = NO;
				MTL_FAST_MATH = YES;
				SDKROOT = iphoneos;
				SWIFT_COMPILATION_MODE = wholemodule;
				SWIFT_OPTIMIZATION_LEVEL = "-O";
				VALIDATE_PRODUCT = YES;
			};
			name = Release;
		};
		A6DF4021278D6EAB0076A0FC /* Debug */ = {
			isa = XCBuildConfiguration;
			buildSettings = {
				ASSETCATALOG_COMPILER_APPICON_NAME = AppIcon;
				ASSETCATALOG_COMPILER_GLOBAL_ACCENT_COLOR_NAME = AccentColor;
				CODE_SIGN_STYLE = Automatic;
				CURRENT_PROJECT_VERSION = 1;
				GENERATE_INFOPLIST_FILE = YES;
				INFOPLIST_FILE = SelFit/Info.plist;
				INFOPLIST_KEY_UIApplicationSupportsIndirectInputEvents = YES;
				INFOPLIST_KEY_UILaunchStoryboardName = LaunchScreen;
				INFOPLIST_KEY_UIMainStoryboardFile = Main;
				INFOPLIST_KEY_UISupportedInterfaceOrientations_iPad = "UIInterfaceOrientationPortrait UIInterfaceOrientationPortraitUpsideDown UIInterfaceOrientationLandscapeLeft UIInterfaceOrientationLandscapeRight";
				INFOPLIST_KEY_UISupportedInterfaceOrientations_iPhone = "UIInterfaceOrientationPortrait UIInterfaceOrientationLandscapeLeft UIInterfaceOrientationLandscapeRight";
				LD_RUNPATH_SEARCH_PATHS = (
					"$(inherited)",
					"@executable_path/Frameworks",
				);
				MARKETING_VERSION = 1.0;
				PRODUCT_BUNDLE_IDENTIFIER = sg.mad2.SelFit;
				PRODUCT_NAME = "$(TARGET_NAME)";
				SWIFT_EMIT_LOC_STRINGS = YES;
				SWIFT_VERSION = 5.0;
				TARGETED_DEVICE_FAMILY = "1,2";
			};
			name = Debug;
		};
		A6DF4022278D6EAB0076A0FC /* Release */ = {
			isa = XCBuildConfiguration;
			buildSettings = {
				ASSETCATALOG_COMPILER_APPICON_NAME = AppIcon;
				ASSETCATALOG_COMPILER_GLOBAL_ACCENT_COLOR_NAME = AccentColor;
				CODE_SIGN_STYLE = Automatic;
				CURRENT_PROJECT_VERSION = 1;
				GENERATE_INFOPLIST_FILE = YES;
				INFOPLIST_FILE = SelFit/Info.plist;
				INFOPLIST_KEY_UIApplicationSupportsIndirectInputEvents = YES;
				INFOPLIST_KEY_UILaunchStoryboardName = LaunchScreen;
				INFOPLIST_KEY_UIMainStoryboardFile = Main;
				INFOPLIST_KEY_UISupportedInterfaceOrientations_iPad = "UIInterfaceOrientationPortrait UIInterfaceOrientationPortraitUpsideDown UIInterfaceOrientationLandscapeLeft UIInterfaceOrientationLandscapeRight";
				INFOPLIST_KEY_UISupportedInterfaceOrientations_iPhone = "UIInterfaceOrientationPortrait UIInterfaceOrientationLandscapeLeft UIInterfaceOrientationLandscapeRight";
				LD_RUNPATH_SEARCH_PATHS = (
					"$(inherited)",
					"@executable_path/Frameworks",
				);
				MARKETING_VERSION = 1.0;
				PRODUCT_BUNDLE_IDENTIFIER = sg.mad2.SelFit;
				PRODUCT_NAME = "$(TARGET_NAME)";
				SWIFT_EMIT_LOC_STRINGS = YES;
				SWIFT_VERSION = 5.0;
				TARGETED_DEVICE_FAMILY = "1,2";
			};
			name = Release;
		};
/* End XCBuildConfiguration section */

/* Begin XCConfigurationList section */
		A6DF4004278D6EAB0076A0FC /* Build configuration list for PBXProject "SelFit" */ = {
			isa = XCConfigurationList;
			buildConfigurations = (
				A6DF401E278D6EAB0076A0FC /* Debug */,
				A6DF401F278D6EAB0076A0FC /* Release */,
			);
			defaultConfigurationIsVisible = 0;
			defaultConfigurationName = Release;
		};
		A6DF4020278D6EAB0076A0FC /* Build configuration list for PBXNativeTarget "SelFit" */ = {
			isa = XCConfigurationList;
			buildConfigurations = (
				A6DF4021278D6EAB0076A0FC /* Debug */,
				A6DF4022278D6EAB0076A0FC /* Release */,
			);
			defaultConfigurationIsVisible = 0;
			defaultConfigurationName = Release;
		};
/* End XCConfigurationList section */

/* Begin XCRemoteSwiftPackageReference section */
		A6A7247527A6880300145617 /* XCRemoteSwiftPackageReference "firebase-ios-sdk" */ = {
			isa = XCRemoteSwiftPackageReference;
			repositoryURL = "https://github.com/firebase/firebase-ios-sdk";
			requirement = {
				kind = upToNextMajorVersion;
				minimumVersion = 8.0.0;
			};
		};
/* End XCRemoteSwiftPackageReference section */

/* Begin XCSwiftPackageProductDependency section */
		A6A7247627A6880300145617 /* FirebaseAnalytics */ = {
			isa = XCSwiftPackageProductDependency;
			package = A6A7247527A6880300145617 /* XCRemoteSwiftPackageReference "firebase-ios-sdk" */;
			productName = FirebaseAnalytics;
		};
		A6A7247827A6880300145617 /* FirebaseAuth */ = {
			isa = XCSwiftPackageProductDependency;
			package = A6A7247527A6880300145617 /* XCRemoteSwiftPackageReference "firebase-ios-sdk" */;
			productName = FirebaseAuth;
		};
		A6A7247A27A6880300145617 /* FirebaseDatabase */ = {
			isa = XCSwiftPackageProductDependency;
			package = A6A7247527A6880300145617 /* XCRemoteSwiftPackageReference "firebase-ios-sdk" */;
			productName = FirebaseDatabase;
		};
		A6A7247C27A6880300145617 /* FirebaseFirestore */ = {
			isa = XCSwiftPackageProductDependency;
			package = A6A7247527A6880300145617 /* XCRemoteSwiftPackageReference "firebase-ios-sdk" */;
			productName = FirebaseFirestore;
		};
		A6A7247E27A6880300145617 /* FirebaseStorage */ = {
			isa = XCSwiftPackageProductDependency;
			package = A6A7247527A6880300145617 /* XCRemoteSwiftPackageReference "firebase-ios-sdk" */;
			productName = FirebaseStorage;
		};
/* End XCSwiftPackageProductDependency section */

/* Begin XCVersionGroup section */
		A6DF4015278D6EAB0076A0FC /* SelFit.xcdatamodeld */ = {
			isa = XCVersionGroup;
			children = (
				A6DF4016278D6EAB0076A0FC /* SelFit.xcdatamodel */,
			);
			currentVersion = A6DF4016278D6EAB0076A0FC /* SelFit.xcdatamodel */;
			path = SelFit.xcdatamodeld;
			sourceTree = "<group>";
			versionGroupType = wrapper.xcdatamodel;
		};
/* End XCVersionGroup section */
	};
	rootObject = A6DF4001278D6EAB0076A0FC /* Project object */;
}
